
Microsoft Visual Studio Solution File, Format Version 12.00
# Visual Studio Version 17
VisualStudioVersion = 17.4.33213.308
MinimumVisualStudioVersion = 10.0.40219.1
Project("{FAE04EC0-301F-11D3-BF4B-00C04F79EFBC}") = "Windows Forms CRUD  App", "Windows Forms CRUD  App.csproj", "{DAC62901-B4CC-489A-A06C-A3A94D714ECE}"
EndProject
Global
	GlobalSection(SolutionConfigurationPlatforms) = preSolution
		Debug|Any CPU = Debug|Any CPU
		Release|Any CPU = Release|Any CPU
	EndGlobalSection
	GlobalSection(ProjectConfigurationPlatforms) = postSolution
		{DAC62901-B4CC-489A-A06C-A3A94D714ECE}.Debug|Any CPU.ActiveCfg = Debug|Any CPU
		{DAC62901-B4CC-489A-A06C-A3A94D714ECE}.Debug|Any CPU.Build.0 = Debug|Any CPU
		{DAC62901-B4CC-489A-A06C-A3A94D714ECE}.Release|Any CPU.ActiveCfg = Release|Any CPU
		{DAC62901-B4CC-489A-A06C-A3A94D714ECE}.Release|Any CPU.Build.0 = Release|Any CPU
	EndGlobalSection
	GlobalSection(SolutionProperties) = preSolution
		HideSolutionNode = FALSE
	EndGlobalSection
	GlobalSection(ExtensibilityGlobals) = postSolution
		SolutionGuid = {DE15A541-8DB1-4AF6-AA35-F64A32339009}
	EndGlobalSection
EndGlobal
